
Microsoft Visual Studio Solution File, Format Version 12.00
# Visual Studio Version 16
VisualStudioVersion = 16.0.30804.86
MinimumVisualStudioVersion = 10.0.40219.1
Project("{FAE04EC0-301F-11D3-BF4B-00C04F79EFBC}") = "SignalREnum", "SignalREnum\SignalREnum.csproj", "{879DE634-C484-4FB7-8D76-3C3226DA0C18}"
EndProject
Project("{FAE04EC0-301F-11D3-BF4B-00C04F79EFBC}") = "TestLibrary", "TestLibrary\TestLibrary.csproj", "{5C947B21-7786-4068-8531-7ADD7C5D9C14}"
EndProject
Global
	GlobalSection(SolutionConfigurationPlatforms) = preSolution
		Debug|Any CPU = Debug|Any CPU
		Release|Any CPU = Release|Any CPU
	EndGlobalSection
	GlobalSection(ProjectConfigurationPlatforms) = postSolution
		{879DE634-C484-4FB7-8D76-3C3226DA0C18}.Debug|Any CPU.ActiveCfg = Debug|Any CPU
		{879DE634-C484-4FB7-8D76-3C3226DA0C18}.Debug|Any CPU.Build.0 = Debug|Any CPU
		{879DE634-C484-4FB7-8D76-3C3226DA0C18}.Release|Any CPU.ActiveCfg = Release|Any CPU
		{879DE634-C484-4FB7-8D76-3C3226DA0C18}.Release|Any CPU.Build.0 = Release|Any CPU
		{5C947B21-7786-4068-8531-7ADD7C5D9C14}.Debug|Any CPU.ActiveCfg = Debug|Any CPU
		{5C947B21-7786-4068-8531-7ADD7C5D9C14}.Debug|Any CPU.Build.0 = Debug|Any CPU
		{5C947B21-7786-4068-8531-7ADD7C5D9C14}.Release|Any CPU.ActiveCfg = Release|Any CPU
		{5C947B21-7786-4068-8531-7ADD7C5D9C14}.Release|Any CPU.Build.0 = Release|Any CPU
	EndGlobalSection
	GlobalSection(SolutionProperties) = preSolution
		HideSolutionNode = FALSE
	EndGlobalSection
	GlobalSection(ExtensibilityGlobals) = postSolution
		SolutionGuid = {53631A0F-D328-4715-9E65-C1B70C9CC28A}
	EndGlobalSection
EndGlobal
